
Microsoft Visual Studio Solution File, Format Version 12.00
# Visual Studio Version 17
VisualStudioVersion = 17.3.32825.248
MinimumVisualStudioVersion = 10.0.40219.1
Project("{FAE04EC0-301F-11D3-BF4B-00C04F79EFBC}") = "CommonDemo", "CommonDemo\CommonDemo.csproj", "{0256249D-909C-4804-90A8-A61E76014F13}"
EndProject
Project("{FAE04EC0-301F-11D3-BF4B-00C04F79EFBC}") = "ClientDemo", "ClientDemo\ClientDemo.csproj", "{03C8B713-C52C-4DAB-8444-560A793EF086}"
EndProject
Global
	GlobalSection(SolutionConfigurationPlatforms) = preSolution
		Debug|Any CPU = Debug|Any CPU
		Release|Any CPU = Release|Any CPU
	EndGlobalSection
	GlobalSection(ProjectConfigurationPlatforms) = postSolution
		{0256249D-909C-4804-90A8-A61E76014F13}.Debug|Any CPU.ActiveCfg = Debug|Any CPU
		{0256249D-909C-4804-90A8-A61E76014F13}.Debug|Any CPU.Build.0 = Debug|Any CPU
		{0256249D-909C-4804-90A8-A61E76014F13}.Release|Any CPU.ActiveCfg = Release|Any CPU
		{0256249D-909C-4804-90A8-A61E76014F13}.Release|Any CPU.Build.0 = Release|Any CPU
		{03C8B713-C52C-4DAB-8444-560A793EF086}.Debug|Any CPU.ActiveCfg = Debug|Any CPU
		{03C8B713-C52C-4DAB-8444-560A793EF086}.Debug|Any CPU.Build.0 = Debug|Any CPU
		{03C8B713-C52C-4DAB-8444-560A793EF086}.Release|Any CPU.ActiveCfg = Release|Any CPU
		{03C8B713-C52C-4DAB-8444-560A793EF086}.Release|Any CPU.Build.0 = Release|Any CPU
	EndGlobalSection
	GlobalSection(SolutionProperties) = preSolution
		HideSolutionNode = FALSE
	EndGlobalSection
	GlobalSection(ExtensibilityGlobals) = postSolution
		SolutionGuid = {D352A8FE-D0AE-45B8-93D0-D23C51A82483}
	EndGlobalSection
EndGlobal
